
Microsoft Visual Studio Solution File, Format Version 12.00
# Visual Studio Version 17
VisualStudioVersion = 17.7.34221.43
MinimumVisualStudioVersion = 10.0.40219.1
Project("{8BC9CEB8-8B4A-11D0-8D11-00A0C91BC942}") = "Gtech2-CasseBrique-Arcade", "Gtech2-CasseBrique-Arcade\Gtech2-CasseBrique-Arcade.vcxproj", "{EA1C474F-702D-4481-91E7-D37C3CCD4D85}"
EndProject
Global
	GlobalSection(SolutionConfigurationPlatforms) = preSolution
		Debug|x64 = Debug|x64
		Debug|x86 = Debug|x86
		Release|x64 = Release|x64
		Release|x86 = Release|x86
	EndGlobalSection
	GlobalSection(ProjectConfigurationPlatforms) = postSolution
		{EA1C474F-702D-4481-91E7-D37C3CCD4D85}.Debug|x64.ActiveCfg = Debug|x64
		{EA1C474F-702D-4481-91E7-D37C3CCD4D85}.Debug|x64.Build.0 = Debug|x64
		{EA1C474F-702D-4481-91E7-D37C3CCD4D85}.Debug|x86.ActiveCfg = Debug|Win32
		{EA1C474F-702D-4481-91E7-D37C3CCD4D85}.Debug|x86.Build.0 = Debug|Win32
		{EA1C474F-702D-4481-91E7-D37C3CCD4D85}.Release|x64.ActiveCfg = Release|x64
		{EA1C474F-702D-4481-91E7-D37C3CCD4D85}.Release|x64.Build.0 = Release|x64
		{EA1C474F-702D-4481-91E7-D37C3CCD4D85}.Release|x86.ActiveCfg = Release|Win32
		{EA1C474F-702D-4481-91E7-D37C3CCD4D85}.Release|x86.Build.0 = Release|Win32
	EndGlobalSection
	GlobalSection(SolutionProperties) = preSolution
		HideSolutionNode = FALSE
	EndGlobalSection
	GlobalSection(ExtensibilityGlobals) = postSolution
		SolutionGuid = {65B35947-14BA-4EB7-8A83-176F3E3AC6D5}
	EndGlobalSection
EndGlobal
